
Microsoft Visual Studio Solution File, Format Version 12.00
# Visual Studio Version 16
VisualStudioVersion = 16.0.30804.86
MinimumVisualStudioVersion = 10.0.40219.1
Project("{FAE04EC0-301F-11D3-BF4B-00C04F79EFBC}") = "Tak01", "Tak01\Tak01.csproj", "{B58B31EE-7A11-47BB-9B6B-3BE4DC430C18}"
EndProject
Project("{FAE04EC0-301F-11D3-BF4B-00C04F79EFBC}") = "Task02", "Task02\Task02.csproj", "{02C8EBD9-BB9D-403A-A7A4-A9CC1B874B7A}"
EndProject
Project("{FAE04EC0-301F-11D3-BF4B-00C04F79EFBC}") = "Task03", "Task03\Task03.csproj", "{BF0409E4-2D86-4E9C-A185-9C30B8BA8503}"
EndProject
Project("{FAE04EC0-301F-11D3-BF4B-00C04F79EFBC}") = "Task04", "Task04\Task04.csproj", "{00476D63-35A0-4ABE-8D59-AA0A2E8641C4}"
EndProject
Project("{FAE04EC0-301F-11D3-BF4B-00C04F79EFBC}") = "Task05", "Task05\Task05.csproj", "{42AB7E2D-193A-403C-A37D-F1B975096DC2}"
EndProject
Global
	GlobalSection(SolutionConfigurationPlatforms) = preSolution
		Debug|Any CPU = Debug|Any CPU
		Release|Any CPU = Release|Any CPU
	EndGlobalSection
	GlobalSection(ProjectConfigurationPlatforms) = postSolution
		{B58B31EE-7A11-47BB-9B6B-3BE4DC430C18}.Debug|Any CPU.ActiveCfg = Debug|Any CPU
		{B58B31EE-7A11-47BB-9B6B-3BE4DC430C18}.Debug|Any CPU.Build.0 = Debug|Any CPU
		{B58B31EE-7A11-47BB-9B6B-3BE4DC430C18}.Release|Any CPU.ActiveCfg = Release|Any CPU
		{B58B31EE-7A11-47BB-9B6B-3BE4DC430C18}.Release|Any CPU.Build.0 = Release|Any CPU
		{02C8EBD9-BB9D-403A-A7A4-A9CC1B874B7A}.Debug|Any CPU.ActiveCfg = Debug|Any CPU
		{02C8EBD9-BB9D-403A-A7A4-A9CC1B874B7A}.Debug|Any CPU.Build.0 = Debug|Any CPU
		{02C8EBD9-BB9D-403A-A7A4-A9CC1B874B7A}.Release|Any CPU.ActiveCfg = Release|Any CPU
		{02C8EBD9-BB9D-403A-A7A4-A9CC1B874B7A}.Release|Any CPU.Build.0 = Release|Any CPU
		{BF0409E4-2D86-4E9C-A185-9C30B8BA8503}.Debug|Any CPU.ActiveCfg = Debug|Any CPU
		{BF0409E4-2D86-4E9C-A185-9C30B8BA8503}.Debug|Any CPU.Build.0 = Debug|Any CPU
		{BF0409E4-2D86-4E9C-A185-9C30B8BA8503}.Release|Any CPU.ActiveCfg = Release|Any CPU
		{BF0409E4-2D86-4E9C-A185-9C30B8BA8503}.Release|Any CPU.Build.0 = Release|Any CPU
		{00476D63-35A0-4ABE-8D59-AA0A2E8641C4}.Debug|Any CPU.ActiveCfg = Debug|Any CPU
		{00476D63-35A0-4ABE-8D59-AA0A2E8641C4}.Debug|Any CPU.Build.0 = Debug|Any CPU
		{00476D63-35A0-4ABE-8D59-AA0A2E8641C4}.Release|Any CPU.ActiveCfg = Release|Any CPU
		{00476D63-35A0-4ABE-8D59-AA0A2E8641C4}.Release|Any CPU.Build.0 = Release|Any CPU
		{42AB7E2D-193A-403C-A37D-F1B975096DC2}.Debug|Any CPU.ActiveCfg = Debug|Any CPU
		{42AB7E2D-193A-403C-A37D-F1B975096DC2}.Debug|Any CPU.Build.0 = Debug|Any CPU
		{42AB7E2D-193A-403C-A37D-F1B975096DC2}.Release|Any CPU.ActiveCfg = Release|Any CPU
		{42AB7E2D-193A-403C-A37D-F1B975096DC2}.Release|Any CPU.Build.0 = Release|Any CPU
	EndGlobalSection
	GlobalSection(SolutionProperties) = preSolution
		HideSolutionNode = FALSE
	EndGlobalSection
	GlobalSection(ExtensibilityGlobals) = postSolution
		SolutionGuid = {4FF261A7-A996-4125-AB2A-F091E43577F0}
	EndGlobalSection
EndGlobal
